
Microsoft Visual Studio Solution File, Format Version 12.00
# Visual Studio Version 16
VisualStudioVersion = 16.0.29519.181
MinimumVisualStudioVersion = 10.0.40219.1
Project("{FAE04EC0-301F-11D3-BF4B-00C04F79EFBC}") = "SD_17_TwoListsShuffle", "SD_17_TwoListsShuffle.csproj", "{CDD3F613-3FC0-4479-A5E9-5AEE14B8FA16}"
EndProject
Global
	GlobalSection(SolutionConfigurationPlatforms) = preSolution
		Debug|Any CPU = Debug|Any CPU
		Release|Any CPU = Release|Any CPU
	EndGlobalSection
	GlobalSection(ProjectConfigurationPlatforms) = postSolution
		{CDD3F613-3FC0-4479-A5E9-5AEE14B8FA16}.Debug|Any CPU.ActiveCfg = Debug|Any CPU
		{CDD3F613-3FC0-4479-A5E9-5AEE14B8FA16}.Debug|Any CPU.Build.0 = Debug|Any CPU
		{CDD3F613-3FC0-4479-A5E9-5AEE14B8FA16}.Release|Any CPU.ActiveCfg = Release|Any CPU
		{CDD3F613-3FC0-4479-A5E9-5AEE14B8FA16}.Release|Any CPU.Build.0 = Release|Any CPU
	EndGlobalSection
	GlobalSection(SolutionProperties) = preSolution
		HideSolutionNode = FALSE
	EndGlobalSection
	GlobalSection(ExtensibilityGlobals) = postSolution
		SolutionGuid = {92F9B462-EDA7-446D-B2F8-9F859B1CC206}
	EndGlobalSection
EndGlobal
